# @generated - this file is auto-generated by `mise lock` https://mise.en.dev/dev-tools/mise-lock.html

[[tools.direnv]]
version = "2.37.1"
backend = "asdf:direnv"

[[tools."github:casey/just"]]
version = "1.51.0"
backend = "github:casey/just"

[tools."github:casey/just"."platforms.macos-arm64"]
checksum = "sha256:61e3f1b8a545ff064b091eab4b6e14f8cc743ff15549be293b1e92f5b1467002"
url = "https://github.com/casey/just/releases/download/1.51.0/just-1.51.0-aarch64-apple-darwin.tar.gz"
url_api = "https://api.github.com/repos/casey/just/releases/assets/416466044"

[[tools.python]]
version = "3.14.5"
backend = "core:python"

[[tools.uv]]
version = "0.11.14"
backend = "asdf:uv"
